# This file is generated by running "yarn install" inside your project.
# Manual changes might be lost - proceed with caution!

__metadata:
  version: 8
  cacheKey: 10c0

"@abp/aspnetcore.mvc.ui.theme.leptonxlite@npm:~5.0.1":
  version: 5.0.1
  resolution: "@abp/aspnetcore.mvc.ui.theme.leptonxlite@npm:5.0.1"
  dependencies:
    "@abp/aspnetcore.mvc.ui.theme.shared": "npm:~10.0.1"
  checksum: 10c0/7ad4f35302c316933da5ac3737e590b97cce64a91cf7cf1f60a9683f01ef320ef1cf032ad1c5f7513acf3c10ce9e46f948ad79336a712216ba3f489ec14afa9c
  languageName: node
  linkType: hard

"@abp/aspnetcore.mvc.ui.theme.shared@npm:~10.0.1":
  version: 10.0.1
  resolution: "@abp/aspnetcore.mvc.ui.theme.shared@npm:10.0.1"
  dependencies:
    "@abp/aspnetcore.mvc.ui": "npm:~10.0.1"
    "@abp/bootstrap": "npm:~10.0.1"
    "@abp/bootstrap-datepicker": "npm:~10.0.1"
    "@abp/bootstrap-daterangepicker": "npm:~10.0.1"
    "@abp/datatables.net-bs5": "npm:~10.0.1"
    "@abp/font-awesome": "npm:~10.0.1"
    "@abp/jquery-form": "npm:~10.0.1"
    "@abp/jquery-validation-unobtrusive": "npm:~10.0.1"
    "@abp/lodash": "npm:~10.0.1"
    "@abp/luxon": "npm:~10.0.1"
    "@abp/malihu-custom-scrollbar-plugin": "npm:~10.0.1"
    "@abp/moment": "npm:~10.0.1"
    "@abp/select2": "npm:~10.0.1"
    "@abp/sweetalert2": "npm:~10.0.1"
    "@abp/timeago": "npm:~10.0.1"
  checksum: 10c0/dc156cacdb6e65229c5e3015fd2b423cad35d3d6e9bcc985b450b2157323e511f0d07523f7e7a518fe4d22cb2a8871fb6c666bb1e7f1f8a40509e3031a0ae5d3
  languageName: node
  linkType: hard

"@abp/aspnetcore.mvc.ui@npm:~10.0.1":
  version: 10.0.1
  resolution: "@abp/aspnetcore.mvc.ui@npm:10.0.1"
  dependencies:
    ansi-colors: "npm:^4.1.3"
  checksum: 10c0/8b52afd30c59bd40ebde9809adce637a58431a58e614e54c8cc88af2d4f7a2193e4f6bbf7a723a407274ed3adcfa1327a239bc6ecf2649d2022e45c39d99a8b3
  languageName: node
  linkType: hard

"@abp/bootstrap-datepicker@npm:~10.0.1":
  version: 10.0.1
  resolution: "@abp/bootstrap-datepicker@npm:10.0.1"
  dependencies:
    bootstrap-datepicker: "npm:^1.10.1"
  checksum: 10c0/6e0e76e9ebb205e283b972f01736cab30bcaa518ad456215f0b91fe512514b095caa44248ddc620621ebd18a09a5ac270989f24ae11f5ae5fc67458b9a4e67e5
  languageName: node
  linkType: hard

"@abp/bootstrap-daterangepicker@npm:~10.0.1":
  version: 10.0.1
  resolution: "@abp/bootstrap-daterangepicker@npm:10.0.1"
  dependencies:
    bootstrap-daterangepicker: "npm:^3.1.0"
  checksum: 10c0/22769a16c27f81e2869a33c9b2229e4221b4e06bcc0091da5ee3b268b6762e40f76f5581292656f1af8b713541feca6a982c63570e288f4e7084655596f2516d
  languageName: node
  linkType: hard

"@abp/bootstrap@npm:~10.0.1":
  version: 10.0.1
  resolution: "@abp/bootstrap@npm:10.0.1"
  dependencies:
    "@abp/core": "npm:~10.0.1"
    bootstrap: "npm:^5.3.8"
  checksum: 10c0/b374d0de54b9a5a9c654962167ab3a76f04e88c8b08ae25c522980d0f74223297e93d18540451cf5f7679296179ef81ab6f88a2e7cbcd0cf46d82a6f822f04c3
  languageName: node
  linkType: hard

"@abp/core@npm:~10.0.1":
  version: 10.0.1
  resolution: "@abp/core@npm:10.0.1"
  dependencies:
    "@abp/utils": "npm:~10.0.1"
  checksum: 10c0/dae52a286dd186a0024dd85a07f19fcd29dd90b01a0e144260ae530c888afbbc9208317e3bca09797466be1d631e33d8e87d1154a37a5533cd9472405b1156d6
  languageName: node
  linkType: hard

"@abp/datatables.net-bs5@npm:~10.0.1":
  version: 10.0.1
  resolution: "@abp/datatables.net-bs5@npm:10.0.1"
  dependencies:
    "@abp/datatables.net": "npm:~10.0.1"
    datatables.net-bs5: "npm:^2.3.4"
  checksum: 10c0/a2693360f0ca0654e8238b830521dc164ecddfad8387ac4f4d30169eac9acca1d167d4c0a2ab7bf13c3c54a1f8e57ec75bbce62c1e16c0a46a13cfdefa3d51a9
  languageName: node
  linkType: hard

"@abp/datatables.net@npm:~10.0.1":
  version: 10.0.1
  resolution: "@abp/datatables.net@npm:10.0.1"
  dependencies:
    "@abp/jquery": "npm:~10.0.1"
    datatables.net: "npm:^2.3.4"
  checksum: 10c0/f56591e5d212d77bac4727eed9089189c3b334846c63201d250751a18c2d4a77fdddfcd64d266c8f75dc76f7468679fcd8d22265e6e3d8a52b49069f6237f0ca
  languageName: node
  linkType: hard

"@abp/font-awesome@npm:~10.0.1":
  version: 10.0.1
  resolution: "@abp/font-awesome@npm:10.0.1"
  dependencies:
    "@abp/core": "npm:~10.0.1"
    "@fortawesome/fontawesome-free": "npm:^7.0.1"
  checksum: 10c0/01b2f9464c3d681a6e24aab0b4cf53ecdb32896235803a7bbd88358e25f458bb89329f51ecb99bfe76d3cf8cce303475586902577c2bb975a74ae1a96bef5dbe
  languageName: node
  linkType: hard

"@abp/jquery-form@npm:~10.0.1":
  version: 10.0.1
  resolution: "@abp/jquery-form@npm:10.0.1"
  dependencies:
    "@abp/jquery": "npm:~10.0.1"
    jquery-form: "npm:^4.3.0"
  checksum: 10c0/05d5961cde3b8caa25fcf0a7796c21f2b44d2abfbbf8643f03e725c128df01cc7a5887dda45d471e04899e73e5f799880dae43a1e5fe97310a6d3070835ab842
  languageName: node
  linkType: hard

"@abp/jquery-validation-unobtrusive@npm:~10.0.1":
  version: 10.0.1
  resolution: "@abp/jquery-validation-unobtrusive@npm:10.0.1"
  dependencies:
    "@abp/jquery-validation": "npm:~10.0.1"
    jquery-validation-unobtrusive: "npm:^4.0.0"
  checksum: 10c0/fe22ee8294fd91ec4d0578550acf7d08b4bce44336dbaf3b7e4fabe0e8750004eeb835a322c6a5e0a90a52f4d9739849a76c0e901e46f4b6144d0405d55bcc74
  languageName: node
  linkType: hard

"@abp/jquery-validation@npm:~10.0.1":
  version: 10.0.1
  resolution: "@abp/jquery-validation@npm:10.0.1"
  dependencies:
    "@abp/jquery": "npm:~10.0.1"
    jquery-validation: "npm:^1.21.0"
  checksum: 10c0/fbb04033ef87a795d3759c6573783479ec186bacb90195caabe9509585c641557760fdab3352a6fb0cc9ea249dae10d7c8f18c73069ab6d8a547e8bad589b2d3
  languageName: node
  linkType: hard

"@abp/jquery@npm:~10.0.1":
  version: 10.0.1
  resolution: "@abp/jquery@npm:10.0.1"
  dependencies:
    "@abp/core": "npm:~10.0.1"
    jquery: "npm:~3.7.1"
  checksum: 10c0/f843946f3947a4d04327cbf88f9481785f047458a3f9fe4f243adefd9baa6e27b2dcd733bbfe27fda84b9d8d7e0661692ae28c9ba13ad24a4cce73084b2453f3
  languageName: node
  linkType: hard

"@abp/lodash@npm:~10.0.1":
  version: 10.0.1
  resolution: "@abp/lodash@npm:10.0.1"
  dependencies:
    "@abp/core": "npm:~10.0.1"
    lodash: "npm:^4.17.21"
  checksum: 10c0/ad0a5a6ff8f4898a5131857745c6ee3298e5e7dd7fbf9954f2c9db94749bf6a56b205e327f956572a6a185ae18481510971b014e16cd217358bb0f24d2667c1e
  languageName: node
  linkType: hard

"@abp/luxon@npm:~10.0.1":
  version: 10.0.1
  resolution: "@abp/luxon@npm:10.0.1"
  dependencies:
    "@abp/core": "npm:~10.0.1"
    luxon: "npm:^3.7.2"
  checksum: 10c0/d8b89bb96bced576e7ebdc201c7296013bd0df9db26d67097efbd80457849fdedd2a62bce64e55cad7cb28fa11063071b62151e9dc07fe11a71c6ebe937e35af
  languageName: node
  linkType: hard

"@abp/malihu-custom-scrollbar-plugin@npm:~10.0.1":
  version: 10.0.1
  resolution: "@abp/malihu-custom-scrollbar-plugin@npm:10.0.1"
  dependencies:
    "@abp/core": "npm:~10.0.1"
    malihu-custom-scrollbar-plugin: "npm:^3.1.5"
  checksum: 10c0/4a7fc0c3faf14c76b6b99678c88d52350e660282e6f80c8ac8bdf51d68807d294e9182832735487a69a9c34c634d3081e099bc90d44f89b4e9695ceb547ae59c
  languageName: node
  linkType: hard

"@abp/moment@npm:~10.0.1":
  version: 10.0.1
  resolution: "@abp/moment@npm:10.0.1"
  dependencies:
    moment: "npm:^2.30.1"
  checksum: 10c0/16b224028fe9637c96c99108de469862bb684b811ae2af43fb58883eba81dac707d20a9971a47c3e2e134d522f07663b9ba908647523cb8d576da8080715ee0b
  languageName: node
  linkType: hard

"@abp/select2@npm:~10.0.1":
  version: 10.0.1
  resolution: "@abp/select2@npm:10.0.1"
  dependencies:
    "@abp/core": "npm:~10.0.1"
    select2: "npm:^4.0.13"
  checksum: 10c0/d84e1b4714bf25e74f4ed133943377849078c548b80100f0ec7469869d1b8a442a3fa05aa5e03503fcaeac761dfefa59480fbc641665558fa9e4409a372058a5
  languageName: node
  linkType: hard

"@abp/sweetalert2@npm:~10.0.1":
  version: 10.0.1
  resolution: "@abp/sweetalert2@npm:10.0.1"
  dependencies:
    "@abp/core": "npm:~10.0.1"
    sweetalert2: "npm:^11.23.0"
  checksum: 10c0/6927c663e7931120dac2331970405a3fbc0a8c4ac55ed292548621aafe229f121531ebf9497159b5f343b76596c911fde8d18173b5cf0ab72afc4d8625817973
  languageName: node
  linkType: hard

"@abp/timeago@npm:~10.0.1":
  version: 10.0.1
  resolution: "@abp/timeago@npm:10.0.1"
  dependencies:
    "@abp/jquery": "npm:~10.0.1"
    timeago: "npm:^1.6.7"
  checksum: 10c0/3a2927be8fe431439839f365308c58f44fc93540c718c708d667ee5dc0d030054b38997d6c30bee52ebff31b009aca42c6449536b67ea9d76f1d02c44c439d53
  languageName: node
  linkType: hard

"@abp/utils@npm:~10.0.1":
  version: 10.0.1
  resolution: "@abp/utils@npm:10.0.1"
  dependencies:
    just-compare: "npm:^2.3.0"
  checksum: 10c0/438d208a0a36cf51cd4f6063587822dbc07ec9b538271d1b1c8bb66ee92710cde08e9bc74417b90ac8dfd3ab24b35d922d668b1bc318f40d5e364461bb421805
  languageName: node
  linkType: hard

"@fortawesome/fontawesome-free@npm:^7.0.1":
  version: 7.1.0
  resolution: "@fortawesome/fontawesome-free@npm:7.1.0"
  checksum: 10c0/3bcaf2c18f3b2ece0fb5640681f13051cb787d686ab444437b3605ba3dca9dce4c7c1f844d94b7ad011482ac20b2b387f3a4c33c2739b50c4425fe529ab7b050
  languageName: node
  linkType: hard

"ansi-colors@npm:^4.1.3":
  version: 4.1.3
  resolution: "ansi-colors@npm:4.1.3"
  checksum: 10c0/ec87a2f59902f74e61eada7f6e6fe20094a628dab765cfdbd03c3477599368768cffccdb5d3bb19a1b6c99126783a143b1fee31aab729b31ffe5836c7e5e28b9
  languageName: node
  linkType: hard

"bootstrap-datepicker@npm:^1.10.1":
  version: 1.10.1
  resolution: "bootstrap-datepicker@npm:1.10.1"
  dependencies:
    jquery: "npm:>=3.4.0 <4.0.0"
  checksum: 10c0/bad08e373b70040f4a62003b46dde2e5bd4a7b73aeffb1d504c0a1736b6beaccf56b908d565980491c7f4329377af8c4cfb7bff9c38480ea689210c7c308dc7d
  languageName: node
  linkType: hard

"bootstrap-daterangepicker@npm:^3.1.0":
  version: 3.1.0
  resolution: "bootstrap-daterangepicker@npm:3.1.0"
  dependencies:
    jquery: "npm:>=1.10"
    moment: "npm:^2.9.0"
  checksum: 10c0/ab54b5247df355d85d478c8a7e0f5cb299d0064a14722d4311d7147bc72a06c4391752f3b49a2ae0c1ff861c563d17a99042cf7b6056a2ad5986f30c8c85623e
  languageName: node
  linkType: hard

"bootstrap@npm:^5.3.8":
  version: 5.3.8
  resolution: "bootstrap@npm:5.3.8"
  peerDependencies:
    "@popperjs/core": ^2.11.8
  checksum: 10c0/0039a9df2c3e7bfa04f1abca199c299ff3b75869d578c0cb1721c6f1f203c91531788a5631ecbee01513481979314d0e4ba0d90c2011e6ce18fc2e0bc93e18d9
  languageName: node
  linkType: hard

"datatables.net-bs5@npm:^2.3.4":
  version: 2.3.6
  resolution: "datatables.net-bs5@npm:2.3.6"
  dependencies:
    datatables.net: "npm:2.3.6"
    jquery: "npm:>=1.7"
  checksum: 10c0/206d579ff0a29a4c7935e645a51d3c31f0511c99b1273c022214c161ca7796406080d85901d7f88121d9bf4c7e0db1fc60d3400790d67ab0bb910f16fd59aa81
  languageName: node
  linkType: hard

"datatables.net@npm:2.3.6, datatables.net@npm:^2.3.4":
  version: 2.3.6
  resolution: "datatables.net@npm:2.3.6"
  dependencies:
    jquery: "npm:>=1.7"
  checksum: 10c0/7a575414386084358efb4428b3856ef71ed213602544caa4884eb7bdde24cf5e282199837de0f28a21b45073234a534ac1d7935a89c656661e54813a68464262
  languageName: node
  linkType: hard

"jquery-form@npm:^4.3.0":
  version: 4.3.0
  resolution: "jquery-form@npm:4.3.0"
  dependencies:
    jquery: "npm:>=1.7.2"
  checksum: 10c0/69bc684a612978a47d83a8f6b54f4a288a90e4142201233d4b15449251c365dd0e2b30fa042c4209097d1d5eb8fd72cb7facf92384f8aa39650fa9eed2d10c28
  languageName: node
  linkType: hard

"jquery-mousewheel@npm:>=3.0.6":
  version: 3.2.2
  resolution: "jquery-mousewheel@npm:3.2.2"
  dependencies:
    jquery: "npm:>=1.2.6"
  checksum: 10c0/a8b45ae7759ce14134284cb6a2f2446f16d43325550c2e25653de572ca3e197b471b8322afb11ec114ab3b0f26b7072a7b47de7ed6617e9417328a94eac30740
  languageName: node
  linkType: hard

"jquery-validation-unobtrusive@npm:^4.0.0":
  version: 4.0.0
  resolution: "jquery-validation-unobtrusive@npm:4.0.0"
  dependencies:
    jquery: "npm:^3.6.0"
    jquery-validation: "npm:>=1.19"
  checksum: 10c0/17d28abec3759c1b615bfd6aaa87fea8ac2bea5c925fc1cab90da3e9c76d9feb29740877936ef41ed073eecc4f3a1a6b415f29cd00605fa02deb77427395646e
  languageName: node
  linkType: hard

"jquery-validation@npm:>=1.19, jquery-validation@npm:^1.21.0":
  version: 1.21.0
  resolution: "jquery-validation@npm:1.21.0"
  peerDependencies:
    jquery: ^1.7 || ^2.0 || ^3.1
  checksum: 10c0/b5e51fc037f79779f38bbc74dab9d1568d9f7821128aff6dcfeb12b39f0dea79f763516dc3e05b45fc9a2e9282037b08eccad0eef29fc3a23a0211454ab0f0e5
  languageName: node
  linkType: hard

"jquery@npm:>=1.10, jquery@npm:>=1.2.6, jquery@npm:>=1.5.0 <4.0, jquery@npm:>=1.7, jquery@npm:>=1.7.2, jquery@npm:>=3.4.0 <4.0.0, jquery@npm:^3.6.0, jquery@npm:~3.7.1":
  version: 3.7.1
  resolution: "jquery@npm:3.7.1"
  checksum: 10c0/808cfbfb758438560224bf26e17fcd5afc7419170230c810dd11f5c1792e2263e2970cca8d659eb84fcd9acc301edb6d310096e450277d54be4f57071b0c82d9
  languageName: node
  linkType: hard

"just-compare@npm:^2.3.0":
  version: 2.3.0
  resolution: "just-compare@npm:2.3.0"
  checksum: 10c0/f99853b608c06bc36f3727220b159626a16c4ac890216725db83dd06d99d6cd1d5e8c3a2ab02072a39350f44d07745c14918be0db4aff74b744ed787712adeec
  languageName: node
  linkType: hard

"lodash@npm:^4.17.21":
  version: 4.17.21
  resolution: "lodash@npm:4.17.21"
  checksum: 10c0/d8cbea072bb08655bb4c989da418994b073a608dffa608b09ac04b43a791b12aeae7cd7ad919aa4c925f33b48490b5cfe6c1f71d827956071dae2e7bb3a6b74c
  languageName: node
  linkType: hard

"luxon@npm:^3.7.2":
  version: 3.7.2
  resolution: "luxon@npm:3.7.2"
  checksum: 10c0/ed8f0f637826c08c343a29dd478b00628be93bba6f068417b1d8896b61cb61c6deacbe1df1e057dbd9298334044afa150f9aaabbeb3181418ac8520acfdc2ae2
  languageName: node
  linkType: hard

"malihu-custom-scrollbar-plugin@npm:^3.1.5":
  version: 3.1.5
  resolution: "malihu-custom-scrollbar-plugin@npm:3.1.5"
  dependencies:
    jquery-mousewheel: "npm:>=3.0.6"
  checksum: 10c0/f0eeb2cf7c53dfe3c02c11e9dc7ca0221101050beaca6b779c07bde2381bd599f0084158a2188c91dc8a2dd7eb9450db5af5063dbb31d65a0deefa29a1c9df99
  languageName: node
  linkType: hard

"moment@npm:^2.30.1, moment@npm:^2.9.0":
  version: 2.30.1
  resolution: "moment@npm:2.30.1"
  checksum: 10c0/865e4279418c6de666fca7786607705fd0189d8a7b7624e2e56be99290ac846f90878a6f602e34b4e0455c549b85385b1baf9966845962b313699e7cb847543a
  languageName: node
  linkType: hard

"my-app@workspace:.":
  version: 0.0.0-use.local
  resolution: "my-app@workspace:."
  dependencies:
    "@abp/aspnetcore.mvc.ui.theme.leptonxlite": "npm:~5.0.1"
  languageName: unknown
  linkType: soft

"select2@npm:^4.0.13":
  version: 4.0.13
  resolution: "select2@npm:4.0.13"
  checksum: 10c0/a393866565a5f878ca21276ed32793595851debb35ff48a8c368640e732619349f547d335b438b45ff5647145eb6c5af868cd5153740de58306a2dca2498550f
  languageName: node
  linkType: hard

"sweetalert2@npm:^11.23.0":
  version: 11.26.17
  resolution: "sweetalert2@npm:11.26.17"
  checksum: 10c0/00cbc4c394895f5ea2c9766ced2bb11bc73405c66a850e2981673aac27b55c98ba4e968cd3db25bd52087d3c6243ca4f3bf3b4e3269b8705c1a5c6e5405fb18d
  languageName: node
  linkType: hard

"timeago@npm:^1.6.7":
  version: 1.6.7
  resolution: "timeago@npm:1.6.7"
  dependencies:
    jquery: "npm:>=1.5.0 <4.0"
  checksum: 10c0/e5337d3d071590d4c75a101d50b2651153f5a25212e4c37476533f8cd4bc014fb335934b4290deef06842bf3df14181e83a81e099038efc535d59d191abac2c6
  languageName: node
  linkType: hard
